// !$*UTF8*$!
{
	archiveVersion = 1;
	classes = {
	};
	objectVersion = 52;
	objects = {

/* Begin PBXBuildFile section */
		3301A813248863090087BC23 /* AppDelegate.swift in Sources */ = {isa = PBXBuildFile; fileRef = 3301A812248863090087BC23 /* AppDelegate.swift */; };
		3301A815248863090087BC23 /* SceneDelegate.swift in Sources */ = {isa = PBXBuildFile; fileRef = 3301A814248863090087BC23 /* SceneDelegate.swift */; };
		3301A817248863090087BC23 /* Day1VC.swift in Sources */ = {isa = PBXBuildFile; fileRef = 3301A816248863090087BC23 /* Day1VC.swift */; };
		3301A81A248863090087BC23 /* Main.storyboard in Resources */ = {isa = PBXBuildFile; fileRef = 3301A818248863090087BC23 /* Main.storyboard */; };
		3301A81C2488630C0087BC23 /* Assets.xcassets in Resources */ = {isa = PBXBuildFile; fileRef = 3301A81B2488630C0087BC23 /* Assets.xcassets */; };
		3301A81F2488630C0087BC23 /* LaunchScreen.storyboard in Resources */ = {isa = PBXBuildFile; fileRef = 3301A81D2488630C0087BC23 /* LaunchScreen.storyboard */; };
		3301A828248863CC0087BC23 /* Custom.plist in Resources */ = {isa = PBXBuildFile; fileRef = 3301A827248863CC0087BC23 /* Custom.plist */; };
		3301A82A2488650F0087BC23 /* Plist.swift in Sources */ = {isa = PBXBuildFile; fileRef = 3301A8292488650F0087BC23 /* Plist.swift */; };
		3301A82C248874F20087BC23 /* Defaults.swift in Sources */ = {isa = PBXBuildFile; fileRef = 3301A82B248874F20087BC23 /* Defaults.swift */; };
		330D28A42491A148008F991B /* Day5VC.swift in Sources */ = {isa = PBXBuildFile; fileRef = 330D28A32491A148008F991B /* Day5VC.swift */; };
		330D28A72491A370008F991B /* KeychainAccess in Frameworks */ = {isa = PBXBuildFile; productRef = 330D28A62491A370008F991B /* KeychainAccess */; };
		330D28A92491A391008F991B /* KeychainDetailVC.swift in Sources */ = {isa = PBXBuildFile; fileRef = 330D28A82491A391008F991B /* KeychainDetailVC.swift */; };
		330D28AC2491A53B008F991B /* SnapKit in Frameworks */ = {isa = PBXBuildFile; productRef = 330D28AB2491A53B008F991B /* SnapKit */; };
		330D28B72491AFED008F991B /* MOB2_1KeychainAccessTests.swift in Sources */ = {isa = PBXBuildFile; fileRef = 330D28B62491AFED008F991B /* MOB2_1KeychainAccessTests.swift */; };
		33A46AF9248B0147005393AD /* UserDefaultsWrapper.swift in Sources */ = {isa = PBXBuildFile; fileRef = 33A46AF8248B0147005393AD /* UserDefaultsWrapper.swift */; };
		33A46AFC248B1038005393AD /* NSCoding-Person.swift in Sources */ = {isa = PBXBuildFile; fileRef = 33A46AFB248B1038005393AD /* NSCoding-Person.swift */; };
		33D449AC248EFB2200665202 /* Day4VC.swift in Sources */ = {isa = PBXBuildFile; fileRef = 33D449AB248EFB2200665202 /* Day4VC.swift */; };
/* End PBXBuildFile section */

/* Begin PBXContainerItemProxy section */
		330D28B92491AFED008F991B /* PBXContainerItemProxy */ = {
			isa = PBXContainerItemProxy;
			containerPortal = 3301A807248863090087BC23 /* Project object */;
			proxyType = 1;
			remoteGlobalIDString = 3301A80E248863090087BC23;
			remoteInfo = MOB2.1Classwork;
		};
/* End PBXContainerItemProxy section */

/* Begin PBXFileReference section */
		3301A80F248863090087BC23 /* MOB2.1Classwork.app */ = {isa = PBXFileReference; explicitFileType = wrapper.application; includeInIndex = 0; path = MOB2.1Classwork.app; sourceTree = BUILT_PRODUCTS_DIR; };
		3301A812248863090087BC23 /* AppDelegate.swift */ = {isa = PBXFileReference; lastKnownFileType = sourcecode.swift; path = AppDelegate.swift; sourceTree = "<group>"; };
		3301A814248863090087BC23 /* SceneDelegate.swift */ = {isa = PBXFileReference; lastKnownFileType = sourcecode.swift; path = SceneDelegate.swift; sourceTree = "<group>"; };
		3301A816248863090087BC23 /* Day1VC.swift */ = {isa = PBXFileReference; lastKnownFileType = sourcecode.swift; path = Day1VC.swift; sourceTree = "<group>"; };
		3301A819248863090087BC23 /* Base */ = {isa = PBXFileReference; lastKnownFileType = file.storyboard; name = Base; path = Base.lproj/Main.storyboard; sourceTree = "<group>"; };
		3301A81B2488630C0087BC23 /* Assets.xcassets */ = {isa = PBXFileReference; lastKnownFileType = folder.assetcatalog; path = Assets.xcassets; sourceTree = "<group>"; };
		3301A81E2488630C0087BC23 /* Base */ = {isa = PBXFileReference; lastKnownFileType = file.storyboard; name = Base; path = Base.lproj/LaunchScreen.storyboard; sourceTree = "<group>"; };
		3301A8202488630C0087BC23 /* Info.plist */ = {isa = PBXFileReference; lastKnownFileType = text.plist.xml; path = Info.plist; sourceTree = "<group>"; };
		3301A827248863CC0087BC23 /* Custom.plist */ = {isa = PBXFileReference; lastKnownFileType = text.plist.xml; path = Custom.plist; sourceTree = "<group>"; };
		3301A8292488650F0087BC23 /* Plist.swift */ = {isa = PBXFileReference; lastKnownFileType = sourcecode.swift; path = Plist.swift; sourceTree = "<group>"; };
		3301A82B248874F20087BC23 /* Defaults.swift */ = {isa = PBXFileReference; lastKnownFileType = sourcecode.swift; path = Defaults.swift; sourceTree = "<group>"; };
		330D28A32491A148008F991B /* Day5VC.swift */ = {isa = PBXFileReference; lastKnownFileType = sourcecode.swift; path = Day5VC.swift; sourceTree = "<group>"; };
		330D28A82491A391008F991B /* KeychainDetailVC.swift */ = {isa = PBXFileReference; lastKnownFileType = sourcecode.swift; path = KeychainDetailVC.swift; sourceTree = "<group>"; };
		330D28B42491AFED008F991B /* MOB2.1KeychainAccessTests.xctest */ = {isa = PBXFileReference; explicitFileType = wrapper.cfbundle; includeInIndex = 0; path = MOB2.1KeychainAccessTests.xctest; sourceTree = BUILT_PRODUCTS_DIR; };
		330D28B62491AFED008F991B /* MOB2_1KeychainAccessTests.swift */ = {isa = PBXFileReference; lastKnownFileType = sourcecode.swift; path = MOB2_1KeychainAccessTests.swift; sourceTree = "<group>"; };
		330D28B82491AFED008F991B /* Info.plist */ = {isa = PBXFileReference; lastKnownFileType = text.plist.xml; path = Info.plist; sourceTree = "<group>"; };
		33A46AF8248B0147005393AD /* UserDefaultsWrapper.swift */ = {isa = PBXFileReference; lastKnownFileType = sourcecode.swift; path = UserDefaultsWrapper.swift; sourceTree = "<group>"; };
		33A46AFB248B1038005393AD /* NSCoding-Person.swift */ = {isa = PBXFileReference; lastKnownFileType = sourcecode.swift; path = "NSCoding-Person.swift"; sourceTree = "<group>"; };
		33D449AB248EFB2200665202 /* Day4VC.swift */ = {isa = PBXFileReference; lastKnownFileType = sourcecode.swift; path = Day4VC.swift; sourceTree = "<group>"; };
/* End PBXFileReference section */

/* Begin PBXFrameworksBuildPhase section */
		3301A80C248863090087BC23 /* Frameworks */ = {
			isa = PBXFrameworksBuildPhase;
			buildActionMask = 2147483647;
			files = (
				330D28A72491A370008F991B /* KeychainAccess in Frameworks */,
				330D28AC2491A53B008F991B /* SnapKit in Frameworks */,
			);
			runOnlyForDeploymentPostprocessing = 0;
		};
		330D28B12491AFED008F991B /* Frameworks */ = {
			isa = PBXFrameworksBuildPhase;
			buildActionMask = 2147483647;
			files = (
			);
			runOnlyForDeploymentPostprocessing = 0;
		};
/* End PBXFrameworksBuildPhase section */

/* Begin PBXGroup section */
		3301A806248863090087BC23 = {
			isa = PBXGroup;
			children = (
				3301A811248863090087BC23 /* MOB2.1Classwork */,
				330D28B52491AFED008F991B /* MOB2.1KeychainAccessTests */,
				3301A810248863090087BC23 /* Products */,
			);
			sourceTree = "<group>";
		};
		3301A810248863090087BC23 /* Products */ = {
			isa = PBXGroup;
			children = (
				3301A80F248863090087BC23 /* MOB2.1Classwork.app */,
				330D28B42491AFED008F991B /* MOB2.1KeychainAccessTests.xctest */,
			);
			name = Products;
			sourceTree = "<group>";
		};
		3301A811248863090087BC23 /* MOB2.1Classwork */ = {
			isa = PBXGroup;
			children = (
				3301A812248863090087BC23 /* AppDelegate.swift */,
				3301A814248863090087BC23 /* SceneDelegate.swift */,
				3301A818248863090087BC23 /* Main.storyboard */,
				3301A826248863460087BC23 /* Day2-UserDefaults-Plist */,
				33A46AFA248B0FFB005393AD /* Day3-Keychain and NSCoding */,
				33D449AD248EFB2600665202 /* Day4-FileSystem */,
				330D28A22491A125008F991B /* Day5-Keychain */,
				3301A81B2488630C0087BC23 /* Assets.xcassets */,
				3301A81D2488630C0087BC23 /* LaunchScreen.storyboard */,
				3301A8202488630C0087BC23 /* Info.plist */,
			);
			path = MOB2.1Classwork;
			sourceTree = "<group>";
		};
		3301A826248863460087BC23 /* Day2-UserDefaults-Plist */ = {
			isa = PBXGroup;
			children = (
				3301A816248863090087BC23 /* Day1VC.swift */,
				3301A827248863CC0087BC23 /* Custom.plist */,
				3301A8292488650F0087BC23 /* Plist.swift */,
				3301A82B248874F20087BC23 /* Defaults.swift */,
				33A46AF8248B0147005393AD /* UserDefaultsWrapper.swift */,
			);
			path = "Day2-UserDefaults-Plist";
			sourceTree = "<group>";
		};
		330D28A22491A125008F991B /* Day5-Keychain */ = {
			isa = PBXGroup;
			children = (
				330D28A32491A148008F991B /* Day5VC.swift */,
				330D28A82491A391008F991B /* KeychainDetailVC.swift */,
			);
			path = "Day5-Keychain";
			sourceTree = "<group>";
		};
		330D28B52491AFED008F991B /* MOB2.1KeychainAccessTests */ = {
			isa = PBXGroup;
			children = (
				330D28B62491AFED008F991B /* MOB2_1KeychainAccessTests.swift */,
				330D28B82491AFED008F991B /* Info.plist */,
			);
			path = MOB2.1KeychainAccessTests;
			sourceTree = "<group>";
		};
		33A46AFA248B0FFB005393AD /* Day3-Keychain and NSCoding */ = {
			isa = PBXGroup;
			children = (
				33A46AFB248B1038005393AD /* NSCoding-Person.swift */,
			);
			path = "Day3-Keychain and NSCoding";
			sourceTree = "<group>";
		};
		33D449AD248EFB2600665202 /* Day4-FileSystem */ = {
			isa = PBXGroup;
			children = (
				33D449AB248EFB2200665202 /* Day4VC.swift */,
			);
			path = "Day4-FileSystem";
			sourceTree = "<group>";
		};
/* End PBXGroup section */

/* Begin PBXNativeTarget section */
		3301A80E248863090087BC23 /* MOB2.1Classwork */ = {
			isa = PBXNativeTarget;
			buildConfigurationList = 3301A8232488630C0087BC23 /* Build configuration list for PBXNativeTarget "MOB2.1Classwork" */;
			buildPhases = (
				3301A80B248863090087BC23 /* Sources */,
				3301A80C248863090087BC23 /* Frameworks */,
				3301A80D248863090087BC23 /* Resources */,
			);
			buildRules = (
			);
			dependencies = (
			);
			name = MOB2.1Classwork;
			packageProductDependencies = (
				330D28A62491A370008F991B /* KeychainAccess */,
				330D28AB2491A53B008F991B /* SnapKit */,
			);
			productName = MOB2.1Classwork;
			productReference = 3301A80F248863090087BC23 /* MOB2.1Classwork.app */;
			productType = "com.apple.product-type.application";
		};
		330D28B32491AFED008F991B /* MOB2.1KeychainAccessTests */ = {
			isa = PBXNativeTarget;
			buildConfigurationList = 330D28BB2491AFED008F991B /* Build configuration list for PBXNativeTarget "MOB2.1KeychainAccessTests" */;
			buildPhases = (
				330D28B02491AFED008F991B /* Sources */,
				330D28B12491AFED008F991B /* Frameworks */,
				330D28B22491AFED008F991B /* Resources */,
			);
			buildRules = (
			);
			dependencies = (
				330D28BA2491AFED008F991B /* PBXTargetDependency */,
			);
			name = MOB2.1KeychainAccessTests;
			productName = MOB2.1KeychainAccessTests;
			productReference = 330D28B42491AFED008F991B /* MOB2.1KeychainAccessTests.xctest */;
			productType = "com.apple.product-type.bundle.unit-test";
		};
/* End PBXNativeTarget section */

/* Begin PBXProject section */
		3301A807248863090087BC23 /* Project object */ = {
			isa = PBXProject;
			attributes = {
				LastSwiftUpdateCheck = 1150;
				LastUpgradeCheck = 1150;
				ORGANIZATIONNAME = SamuelFolledo;
				TargetAttributes = {
					3301A80E248863090087BC23 = {
						CreatedOnToolsVersion = 11.5;
					};
					330D28B32491AFED008F991B = {
						CreatedOnToolsVersion = 11.5;
						TestTargetID = 3301A80E248863090087BC23;
					};
				};
			};
			buildConfigurationList = 3301A80A248863090087BC23 /* Build configuration list for PBXProject "MOB2.1Classwork" */;
			compatibilityVersion = "Xcode 9.3";
			developmentRegion = en;
			hasScannedForEncodings = 0;
			knownRegions = (
				en,
				Base,
			);
			mainGroup = 3301A806248863090087BC23;
			packageReferences = (
				330D28A52491A370008F991B /* XCRemoteSwiftPackageReference "KeychainAccess" */,
				330D28AA2491A53B008F991B /* XCRemoteSwiftPackageReference "SnapKit" */,
			);
			productRefGroup = 3301A810248863090087BC23 /* Products */;
			projectDirPath = "";
			projectRoot = "";
			targets = (
				3301A80E248863090087BC23 /* MOB2.1Classwork */,
				330D28B32491AFED008F991B /* MOB2.1KeychainAccessTests */,
			);
		};
/* End PBXProject section */

/* Begin PBXResourcesBuildPhase section */
		3301A80D248863090087BC23 /* Resources */ = {
			isa = PBXResourcesBuildPhase;
			buildActionMask = 2147483647;
			files = (
				3301A81F2488630C0087BC23 /* LaunchScreen.storyboard in Resources */,
				3301A828248863CC0087BC23 /* Custom.plist in Resources */,
				3301A81C2488630C0087BC23 /* Assets.xcassets in Resources */,
				3301A81A248863090087BC23 /* Main.storyboard in Resources */,
			);
			runOnlyForDeploymentPostprocessing = 0;
		};
		330D28B22491AFED008F991B /* Resources */ = {
			isa = PBXResourcesBuildPhase;
			buildActionMask = 2147483647;
			files = (
			);
			runOnlyForDeploymentPostprocessing = 0;
		};
/* End PBXResourcesBuildPhase section */

/* Begin PBXSourcesBuildPhase section */
		3301A80B248863090087BC23 /* Sources */ = {
			isa = PBXSourcesBuildPhase;
			buildActionMask = 2147483647;
			files = (
				3301A817248863090087BC23 /* Day1VC.swift in Sources */,
				33D449AC248EFB2200665202 /* Day4VC.swift in Sources */,
				3301A813248863090087BC23 /* AppDelegate.swift in Sources */,
				33A46AFC248B1038005393AD /* NSCoding-Person.swift in Sources */,
				3301A82C248874F20087BC23 /* Defaults.swift in Sources */,
				330D28A42491A148008F991B /* Day5VC.swift in Sources */,
				3301A82A2488650F0087BC23 /* Plist.swift in Sources */,
				33A46AF9248B0147005393AD /* UserDefaultsWrapper.swift in Sources */,
				3301A815248863090087BC23 /* SceneDelegate.swift in Sources */,
				330D28A92491A391008F991B /* KeychainDetailVC.swift in Sources */,
			);
			runOnlyForDeploymentPostprocessing = 0;
		};
		330D28B02491AFED008F991B /* Sources */ = {
			isa = PBXSourcesBuildPhase;
			buildActionMask = 2147483647;
			files = (
				330D28B72491AFED008F991B /* MOB2_1KeychainAccessTests.swift in Sources */,
			);
			runOnlyForDeploymentPostprocessing = 0;
		};
/* End PBXSourcesBuildPhase section */

/* Begin PBXTargetDependency section */
		330D28BA2491AFED008F991B /* PBXTargetDependency */ = {
			isa = PBXTargetDependency;
			target = 3301A80E248863090087BC23 /* MOB2.1Classwork */;
			targetProxy = 330D28B92491AFED008F991B /* PBXContainerItemProxy */;
		};
/* End PBXTargetDependency section */

/* Begin PBXVariantGroup section */
		3301A818248863090087BC23 /* Main.storyboard */ = {
			isa = PBXVariantGroup;
			children = (
				3301A819248863090087BC23 /* Base */,
			);
			name = Main.storyboard;
			sourceTree = "<group>";
		};
		3301A81D2488630C0087BC23 /* LaunchScreen.storyboard */ = {
			isa = PBXVariantGroup;
			children = (
				3301A81E2488630C0087BC23 /* Base */,
			);
			name = LaunchScreen.storyboard;
			sourceTree = "<group>";
		};
/* End PBXVariantGroup section */

/* Begin XCBuildConfiguration section */
		3301A8212488630C0087BC23 /* Debug */ = {
			isa = XCBuildConfiguration;
			buildSettings = {
				ALWAYS_SEARCH_USER_PATHS = NO;
				CLANG_ANALYZER_NONNULL = YES;
				CLANG_ANALYZER_NUMBER_OBJECT_CONVERSION = YES_AGGRESSIVE;
				CLANG_CXX_LANGUAGE_STANDARD = "gnu++14";
				CLANG_CXX_LIBRARY = "libc++";
				CLANG_ENABLE_MODULES = YES;
				CLANG_ENABLE_OBJC_ARC = YES;
				CLANG_ENABLE_OBJC_WEAK = YES;
				CLANG_WARN_BLOCK_CAPTURE_AUTORELEASING = YES;
				CLANG_WARN_BOOL_CONVERSION = YES;
				CLANG_WARN_COMMA = YES;
				CLANG_WARN_CONSTANT_CONVERSION = YES;
				CLANG_WARN_DEPRECATED_OBJC_IMPLEMENTATIONS = YES;
				CLANG_WARN_DIRECT_OBJC_ISA_USAGE = YES_ERROR;
				CLANG_WARN_DOCUMENTATION_COMMENTS = YES;
				CLANG_WARN_EMPTY_BODY = YES;
				CLANG_WARN_ENUM_CONVERSION = YES;
				CLANG_WARN_INFINITE_RECURSION = YES;
				CLANG_WARN_INT_CONVERSION = YES;
				CLANG_WARN_NON_LITERAL_NULL_CONVERSION = YES;
				CLANG_WARN_OBJC_IMPLICIT_RETAIN_SELF = YES;
				CLANG_WARN_OBJC_LITERAL_CONVERSION = YES;
				CLANG_WARN_OBJC_ROOT_CLASS = YES_ERROR;
				CLANG_WARN_RANGE_LOOP_ANALYSIS = YES;
				CLANG_WARN_STRICT_PROTOTYPES = YES;
				CLANG_WARN_SUSPICIOUS_MOVE = YES;
				CLANG_WARN_UNGUARDED_AVAILABILITY = YES_AGGRESSIVE;
				CLANG_WARN_UNREACHABLE_CODE = YES;
				CLANG_WARN__DUPLICATE_METHOD_MATCH = YES;
				COPY_PHASE_STRIP = NO;
				DEBUG_INFORMATION_FORMAT = dwarf;
				ENABLE_STRICT_OBJC_MSGSEND = YES;
				ENABLE_TESTABILITY = YES;
				GCC_C_LANGUAGE_STANDARD = gnu11;
				GCC_DYNAMIC_NO_PIC = NO;
				GCC_NO_COMMON_BLOCKS = YES;
				GCC_OPTIMIZATION_LEVEL = 0;
				GCC_PREPROCESSOR_DEFINITIONS = (
					"DEBUG=1",
					"$(inherited)",
				);
				GCC_WARN_64_TO_32_BIT_CONVERSION = YES;
				GCC_WARN_ABOUT_RETURN_TYPE = YES_ERROR;
				GCC_WARN_UNDECLARED_SELECTOR = YES;
				GCC_WARN_UNINITIALIZED_AUTOS = YES_AGGRESSIVE;
				GCC_WARN_UNUSED_FUNCTION = YES;
				GCC_WARN_UNUSED_VARIABLE = YES;
				IPHONEOS_DEPLOYMENT_TARGET = 13.5;
				MTL_ENABLE_DEBUG_INFO = INCLUDE_SOURCE;
				MTL_FAST_MATH = YES;
				ONLY_ACTIVE_ARCH = YES;
				SDKROOT = iphoneos;
				SWIFT_ACTIVE_COMPILATION_CONDITIONS = DEBUG;
				SWIFT_OPTIMIZATION_LEVEL = "-Onone";
			};
			name = Debug;
		};
		3301A8222488630C0087BC23 /* Release */ = {
			isa = XCBuildConfiguration;
			buildSettings = {
				ALWAYS_SEARCH_USER_PATHS = NO;
				CLANG_ANALYZER_NONNULL = YES;
				CLANG_ANALYZER_NUMBER_OBJECT_CONVERSION = YES_AGGRESSIVE;
				CLANG_CXX_LANGUAGE_STANDARD = "gnu++14";
				CLANG_CXX_LIBRARY = "libc++";
				CLANG_ENABLE_MODULES = YES;
				CLANG_ENABLE_OBJC_ARC = YES;
				CLANG_ENABLE_OBJC_WEAK = YES;
				CLANG_WARN_BLOCK_CAPTURE_AUTORELEASING = YES;
				CLANG_WARN_BOOL_CONVERSION = YES;
				CLANG_WARN_COMMA = YES;
				CLANG_WARN_CONSTANT_CONVERSION = YES;
				CLANG_WARN_DEPRECATED_OBJC_IMPLEMENTATIONS = YES;
				CLANG_WARN_DIRECT_OBJC_ISA_USAGE = YES_ERROR;
				CLANG_WARN_DOCUMENTATION_COMMENTS = YES;
				CLANG_WARN_EMPTY_BODY = YES;
				CLANG_WARN_ENUM_CONVERSION = YES;
				CLANG_WARN_INFINITE_RECURSION = YES;
				CLANG_WARN_INT_CONVERSION = YES;
				CLANG_WARN_NON_LITERAL_NULL_CONVERSION = YES;
				CLANG_WARN_OBJC_IMPLICIT_RETAIN_SELF = YES;
				CLANG_WARN_OBJC_LITERAL_CONVERSION = YES;
				CLANG_WARN_OBJC_ROOT_CLASS = YES_ERROR;
				CLANG_WARN_RANGE_LOOP_ANALYSIS = YES;
				CLANG_WARN_STRICT_PROTOTYPES = YES;
				CLANG_WARN_SUSPICIOUS_MOVE = YES;
				CLANG_WARN_UNGUARDED_AVAILABILITY = YES_AGGRESSIVE;
				CLANG_WARN_UNREACHABLE_CODE = YES;
				CLANG_WARN__DUPLICATE_METHOD_MATCH = YES;
				COPY_PHASE_STRIP = NO;
				DEBUG_INFORMATION_FORMAT = "dwarf-with-dsym";
				ENABLE_NS_ASSERTIONS = NO;
				ENABLE_STRICT_OBJC_MSGSEND = YES;
				GCC_C_LANGUAGE_STANDARD = gnu11;
				GCC_NO_COMMON_BLOCKS = YES;
				GCC_WARN_64_TO_32_BIT_CONVERSION = YES;
				GCC_WARN_ABOUT_RETURN_TYPE = YES_ERROR;
				GCC_WARN_UNDECLARED_SELECTOR = YES;
				GCC_WARN_UNINITIALIZED_AUTOS = YES_AGGRESSIVE;
				GCC_WARN_UNUSED_FUNCTION = YES;
				GCC_WARN_UNUSED_VARIABLE = YES;
				IPHONEOS_DEPLOYMENT_TARGET = 13.5;
				MTL_ENABLE_DEBUG_INFO = NO;
				MTL_FAST_MATH = YES;
				SDKROOT = iphoneos;
				SWIFT_COMPILATION_MODE = wholemodule;
				SWIFT_OPTIMIZATION_LEVEL = "-O";
				VALIDATE_PRODUCT = YES;
			};
			name = Release;
		};
		3301A8242488630C0087BC23 /* Debug */ = {
			isa = XCBuildConfiguration;
			buildSettings = {
				ASSETCATALOG_COMPILER_APPICON_NAME = AppIcon;
				CODE_SIGN_STYLE = Automatic;
				DEVELOPMENT_TEAM = 9NY68F4K3P;
				INFOPLIST_FILE = MOB2.1Classwork/Info.plist;
				LD_RUNPATH_SEARCH_PATHS = (
					"$(inherited)",
					"@executable_path/Frameworks",
				);
				PRODUCT_BUNDLE_IDENTIFIER = "SamuelFolledo.MOB2-1Classwork";
				PRODUCT_NAME = "$(TARGET_NAME)";
				SWIFT_VERSION = 5.0;
				TARGETED_DEVICE_FAMILY = "1,2";
			};
			name = Debug;
		};
		3301A8252488630C0087BC23 /* Release */ = {
			isa = XCBuildConfiguration;
			buildSettings = {
				ASSETCATALOG_COMPILER_APPICON_NAME = AppIcon;
				CODE_SIGN_STYLE = Automatic;
				DEVELOPMENT_TEAM = 9NY68F4K3P;
				INFOPLIST_FILE = MOB2.1Classwork/Info.plist;
				LD_RUNPATH_SEARCH_PATHS = (
					"$(inherited)",
					"@executable_path/Frameworks",
				);
				PRODUCT_BUNDLE_IDENTIFIER = "SamuelFolledo.MOB2-1Classwork";
				PRODUCT_NAME = "$(TARGET_NAME)";
				SWIFT_VERSION = 5.0;
				TARGETED_DEVICE_FAMILY = "1,2";
			};
			name = Release;
		};
		330D28BC2491AFED008F991B /* Debug */ = {
			isa = XCBuildConfiguration;
			buildSettings = {
				BUNDLE_LOADER = "$(TEST_HOST)";
				CODE_SIGN_STYLE = Automatic;
				DEVELOPMENT_TEAM = 9NY68F4K3P;
				INFOPLIST_FILE = MOB2.1KeychainAccessTests/Info.plist;
				LD_RUNPATH_SEARCH_PATHS = (
					"$(inherited)",
					"@executable_path/Frameworks",
					"@loader_path/Frameworks",
				);
				PRODUCT_BUNDLE_IDENTIFIER = "SamuelFolledo.MOB2-1KeychainAccessTests";
				PRODUCT_NAME = "$(TARGET_NAME)";
				SWIFT_VERSION = 5.0;
				TARGETED_DEVICE_FAMILY = "1,2";
				TEST_HOST = "$(BUILT_PRODUCTS_DIR)/MOB2.1Classwork.app/MOB2.1Classwork";
			};
			name = Debug;
		};
		330D28BD2491AFED008F991B /* Release */ = {
			isa = XCBuildConfiguration;
			buildSettings = {
				BUNDLE_LOADER = "$(TEST_HOST)";
				CODE_SIGN_STYLE = Automatic;
				DEVELOPMENT_TEAM = 9NY68F4K3P;
				INFOPLIST_FILE = MOB2.1KeychainAccessTests/Info.plist;
				LD_RUNPATH_SEARCH_PATHS = (
					"$(inherited)",
					"@executable_path/Frameworks",
					"@loader_path/Frameworks",
				);
				PRODUCT_BUNDLE_IDENTIFIER = "SamuelFolledo.MOB2-1KeychainAccessTests";
				PRODUCT_NAME = "$(TARGET_NAME)";
				SWIFT_VERSION = 5.0;
				TARGETED_DEVICE_FAMILY = "1,2";
				TEST_HOST = "$(BUILT_PRODUCTS_DIR)/MOB2.1Classwork.app/MOB2.1Classwork";
			};
			name = Release;
		};
/* End XCBuildConfiguration section */

/* Begin XCConfigurationList section */
		3301A80A248863090087BC23 /* Build configuration list for PBXProject "MOB2.1Classwork" */ = {
			isa = XCConfigurationList;
			buildConfigurations = (
				3301A8212488630C0087BC23 /* Debug */,
				3301A8222488630C0087BC23 /* Release */,
			);
			defaultConfigurationIsVisible = 0;
			defaultConfigurationName = Release;
		};
		3301A8232488630C0087BC23 /* Build configuration list for PBXNativeTarget "MOB2.1Classwork" */ = {
			isa = XCConfigurationList;
			buildConfigurations = (
				3301A8242488630C0087BC23 /* Debug */,
				3301A8252488630C0087BC23 /* Release */,
			);
			defaultConfigurationIsVisible = 0;
			defaultConfigurationName = Release;
		};
		330D28BB2491AFED008F991B /* Build configuration list for PBXNativeTarget "MOB2.1KeychainAccessTests" */ = {
			isa = XCConfigurationList;
			buildConfigurations = (
				330D28BC2491AFED008F991B /* Debug */,
				330D28BD2491AFED008F991B /* Release */,
			);
			defaultConfigurationIsVisible = 0;
			defaultConfigurationName = Release;
		};
/* End XCConfigurationList section */

/* Begin XCRemoteSwiftPackageReference section */
		330D28A52491A370008F991B /* XCRemoteSwiftPackageReference "KeychainAccess" */ = {
			isa = XCRemoteSwiftPackageReference;
			repositoryURL = "https://github.com/kishikawakatsumi/KeychainAccess";
			requirement = {
				kind = upToNextMajorVersion;
				minimumVersion = 4.2.0;
			};
		};
		330D28AA2491A53B008F991B /* XCRemoteSwiftPackageReference "SnapKit" */ = {
			isa = XCRemoteSwiftPackageReference;
			repositoryURL = "https://github.com/SnapKit/SnapKit";
			requirement = {
				kind = upToNextMajorVersion;
				minimumVersion = 5.0.1;
			};
		};
/* End XCRemoteSwiftPackageReference section */

/* Begin XCSwiftPackageProductDependency section */
		330D28A62491A370008F991B /* KeychainAccess */ = {
			isa = XCSwiftPackageProductDependency;
			package = 330D28A52491A370008F991B /* XCRemoteSwiftPackageReference "KeychainAccess" */;
			productName = KeychainAccess;
		};
		330D28AB2491A53B008F991B /* SnapKit */ = {
			isa = XCSwiftPackageProductDependency;
			package = 330D28AA2491A53B008F991B /* XCRemoteSwiftPackageReference "SnapKit" */;
			productName = SnapKit;
		};
/* End XCSwiftPackageProductDependency section */
	};
	rootObject = 3301A807248863090087BC23 /* Project object */;
}
