// !$*UTF8*$!
{
	archiveVersion = 1;
	classes = {
	};
	objectVersion = 50;
	objects = {

/* Begin PBXBuildFile section */
		0736712A246D8BEA003B9290 /* CollectionLayout.swift in Sources */ = {isa = PBXBuildFile; fileRef = 07367129246D8BEA003B9290 /* CollectionLayout.swift */; };
		0736712C246D9878003B9290 /* CategoryDetailViewController.swift in Sources */ = {isa = PBXBuildFile; fileRef = 0736712B246D9878003B9290 /* CategoryDetailViewController.swift */; };
		0736712E246EAAAC003B9290 /* CloudError.swift in Sources */ = {isa = PBXBuildFile; fileRef = 0736712D246EAAAC003B9290 /* CloudError.swift */; };
		07BFD48A246EC80700334158 /* Cloud+Save.swift in Sources */ = {isa = PBXBuildFile; fileRef = 07BFD489246EC80700334158 /* Cloud+Save.swift */; };
		07DB64E52464069A00B5194E /* UserDefaults+Extensions.swift in Sources */ = {isa = PBXBuildFile; fileRef = 07DB64E42464069A00B5194E /* UserDefaults+Extensions.swift */; };
		07DB64E7246406D900B5194E /* Cloud+Sync.swift in Sources */ = {isa = PBXBuildFile; fileRef = 07DB64E6246406D900B5194E /* Cloud+Sync.swift */; };
		458656CF2460EA8700F51307 /* AppDelegate.swift in Sources */ = {isa = PBXBuildFile; fileRef = 458656CE2460EA8700F51307 /* AppDelegate.swift */; };
		458656D12460EA8700F51307 /* SceneDelegate.swift in Sources */ = {isa = PBXBuildFile; fileRef = 458656D02460EA8700F51307 /* SceneDelegate.swift */; };
		458656D42460EA8700F51307 /* Posts.xcdatamodeld in Sources */ = {isa = PBXBuildFile; fileRef = 458656D22460EA8700F51307 /* Posts.xcdatamodeld */; };
		458656D82460EA8A00F51307 /* Assets.xcassets in Resources */ = {isa = PBXBuildFile; fileRef = 458656D72460EA8A00F51307 /* Assets.xcassets */; };
		458656DE2460EA8A00F51307 /* LaunchScreen.storyboard in Resources */ = {isa = PBXBuildFile; fileRef = 458656DC2460EA8A00F51307 /* LaunchScreen.storyboard */; };
		458656E62460EBC500F51307 /* HomeViewController.swift in Sources */ = {isa = PBXBuildFile; fileRef = 458656E52460EBC500F51307 /* HomeViewController.swift */; };
		458656E82460ECCA00F51307 /* CoreDataStack.swift in Sources */ = {isa = PBXBuildFile; fileRef = 458656E72460ECCA00F51307 /* CoreDataStack.swift */; };
		458656EC2460F77000F51307 /* PostCell.swift in Sources */ = {isa = PBXBuildFile; fileRef = 458656EB2460F77000F51307 /* PostCell.swift */; };
		458656EE2461007E00F51307 /* UICollectionView+Extensions.swift in Sources */ = {isa = PBXBuildFile; fileRef = 458656ED2461007E00F51307 /* UICollectionView+Extensions.swift */; };
		458656F22461063600F51307 /* CategoryHeaderCell.swift in Sources */ = {isa = PBXBuildFile; fileRef = 458656F12461063600F51307 /* CategoryHeaderCell.swift */; };
		458656F4246163B000F51307 /* TabController.swift in Sources */ = {isa = PBXBuildFile; fileRef = 458656F3246163B000F51307 /* TabController.swift */; };
		458656F62461651500F51307 /* FavoritesController.swift in Sources */ = {isa = PBXBuildFile; fileRef = 458656F52461651500F51307 /* FavoritesController.swift */; };
		458656F824616BF900F51307 /* WebController.swift in Sources */ = {isa = PBXBuildFile; fileRef = 458656F724616BF900F51307 /* WebController.swift */; };
		458657012462111200F51307 /* CKRecord+Extensions.swift in Sources */ = {isa = PBXBuildFile; fileRef = 458657002462111200F51307 /* CKRecord+Extensions.swift */; };
		4586570424621A7F00F51307 /* Category+Extensions.swift in Sources */ = {isa = PBXBuildFile; fileRef = 4586570324621A7F00F51307 /* Category+Extensions.swift */; };
		4586570624621A9000F51307 /* Article+Extension.swift in Sources */ = {isa = PBXBuildFile; fileRef = 4586570524621A8F00F51307 /* Article+Extension.swift */; };
		4586571524623CF400F51307 /* CloudKit.framework in Frameworks */ = {isa = PBXBuildFile; fileRef = 4586571424623CF400F51307 /* CloudKit.framework */; };
		4586571724623E4000F51307 /* Cloud+Fetch.swift in Sources */ = {isa = PBXBuildFile; fileRef = 4586571624623E4000F51307 /* Cloud+Fetch.swift */; };
		45EB60F12462A8E500FE65B4 /* CKContainer+Extensions.swift in Sources */ = {isa = PBXBuildFile; fileRef = 45EB60F02462A8E500FE65B4 /* CKContainer+Extensions.swift */; };
		45EB60F52462AB2E00FE65B4 /* UIViewController+Extensions.swift in Sources */ = {isa = PBXBuildFile; fileRef = 45EB60F42462AB2E00FE65B4 /* UIViewController+Extensions.swift */; };
/* End PBXBuildFile section */

/* Begin PBXFileReference section */
		07367129246D8BEA003B9290 /* CollectionLayout.swift */ = {isa = PBXFileReference; lastKnownFileType = sourcecode.swift; path = CollectionLayout.swift; sourceTree = "<group>"; };
		0736712B246D9878003B9290 /* CategoryDetailViewController.swift */ = {isa = PBXFileReference; lastKnownFileType = sourcecode.swift; path = CategoryDetailViewController.swift; sourceTree = "<group>"; };
		0736712D246EAAAC003B9290 /* CloudError.swift */ = {isa = PBXFileReference; lastKnownFileType = sourcecode.swift; path = CloudError.swift; sourceTree = "<group>"; };
		07BFD489246EC80700334158 /* Cloud+Save.swift */ = {isa = PBXFileReference; lastKnownFileType = sourcecode.swift; path = "Cloud+Save.swift"; sourceTree = "<group>"; };
		07DB64E42464069A00B5194E /* UserDefaults+Extensions.swift */ = {isa = PBXFileReference; lastKnownFileType = sourcecode.swift; path = "UserDefaults+Extensions.swift"; sourceTree = "<group>"; };
		07DB64E6246406D900B5194E /* Cloud+Sync.swift */ = {isa = PBXFileReference; lastKnownFileType = sourcecode.swift; path = "Cloud+Sync.swift"; sourceTree = "<group>"; };
		458656CB2460EA8700F51307 /* Posts.app */ = {isa = PBXFileReference; explicitFileType = wrapper.application; includeInIndex = 0; path = Posts.app; sourceTree = BUILT_PRODUCTS_DIR; };
		458656CE2460EA8700F51307 /* AppDelegate.swift */ = {isa = PBXFileReference; lastKnownFileType = sourcecode.swift; path = AppDelegate.swift; sourceTree = "<group>"; };
		458656D02460EA8700F51307 /* SceneDelegate.swift */ = {isa = PBXFileReference; lastKnownFileType = sourcecode.swift; path = SceneDelegate.swift; sourceTree = "<group>"; };
		458656D32460EA8700F51307 /* News.xcdatamodel */ = {isa = PBXFileReference; lastKnownFileType = wrapper.xcdatamodel; path = News.xcdatamodel; sourceTree = "<group>"; };
		458656D72460EA8A00F51307 /* Assets.xcassets */ = {isa = PBXFileReference; lastKnownFileType = folder.assetcatalog; path = Assets.xcassets; sourceTree = "<group>"; };
		458656DD2460EA8A00F51307 /* Base */ = {isa = PBXFileReference; lastKnownFileType = file.storyboard; name = Base; path = Base.lproj/LaunchScreen.storyboard; sourceTree = "<group>"; };
		458656DF2460EA8A00F51307 /* Info.plist */ = {isa = PBXFileReference; lastKnownFileType = text.plist.xml; path = Info.plist; sourceTree = "<group>"; };
		458656E52460EBC500F51307 /* HomeViewController.swift */ = {isa = PBXFileReference; lastKnownFileType = sourcecode.swift; path = HomeViewController.swift; sourceTree = "<group>"; };
		458656E72460ECCA00F51307 /* CoreDataStack.swift */ = {isa = PBXFileReference; lastKnownFileType = sourcecode.swift; path = CoreDataStack.swift; sourceTree = "<group>"; };
		458656EB2460F77000F51307 /* PostCell.swift */ = {isa = PBXFileReference; lastKnownFileType = sourcecode.swift; path = PostCell.swift; sourceTree = "<group>"; };
		458656ED2461007E00F51307 /* UICollectionView+Extensions.swift */ = {isa = PBXFileReference; lastKnownFileType = sourcecode.swift; path = "UICollectionView+Extensions.swift"; sourceTree = "<group>"; };
		458656F12461063600F51307 /* CategoryHeaderCell.swift */ = {isa = PBXFileReference; lastKnownFileType = sourcecode.swift; path = CategoryHeaderCell.swift; sourceTree = "<group>"; };
		458656F3246163B000F51307 /* TabController.swift */ = {isa = PBXFileReference; lastKnownFileType = sourcecode.swift; path = TabController.swift; sourceTree = "<group>"; };
		458656F52461651500F51307 /* FavoritesController.swift */ = {isa = PBXFileReference; lastKnownFileType = sourcecode.swift; path = FavoritesController.swift; sourceTree = "<group>"; };
		458656F724616BF900F51307 /* WebController.swift */ = {isa = PBXFileReference; lastKnownFileType = sourcecode.swift; path = WebController.swift; sourceTree = "<group>"; };
		458657002462111200F51307 /* CKRecord+Extensions.swift */ = {isa = PBXFileReference; lastKnownFileType = sourcecode.swift; path = "CKRecord+Extensions.swift"; sourceTree = "<group>"; };
		4586570324621A7F00F51307 /* Category+Extensions.swift */ = {isa = PBXFileReference; lastKnownFileType = sourcecode.swift; path = "Category+Extensions.swift"; sourceTree = "<group>"; };
		4586570524621A8F00F51307 /* Article+Extension.swift */ = {isa = PBXFileReference; lastKnownFileType = sourcecode.swift; path = "Article+Extension.swift"; sourceTree = "<group>"; };
		45865712246236DF00F51307 /* Posts.entitlements */ = {isa = PBXFileReference; lastKnownFileType = text.plist.entitlements; path = Posts.entitlements; sourceTree = "<group>"; };
		4586571424623CF400F51307 /* CloudKit.framework */ = {isa = PBXFileReference; lastKnownFileType = wrapper.framework; name = CloudKit.framework; path = System/Library/Frameworks/CloudKit.framework; sourceTree = SDKROOT; };
		4586571624623E4000F51307 /* Cloud+Fetch.swift */ = {isa = PBXFileReference; lastKnownFileType = sourcecode.swift; path = "Cloud+Fetch.swift"; sourceTree = "<group>"; };
		45EB60F02462A8E500FE65B4 /* CKContainer+Extensions.swift */ = {isa = PBXFileReference; lastKnownFileType = sourcecode.swift; path = "CKContainer+Extensions.swift"; sourceTree = "<group>"; };
		45EB60F42462AB2E00FE65B4 /* UIViewController+Extensions.swift */ = {isa = PBXFileReference; lastKnownFileType = sourcecode.swift; path = "UIViewController+Extensions.swift"; sourceTree = "<group>"; };
/* End PBXFileReference section */

/* Begin PBXFrameworksBuildPhase section */
		458656C82460EA8700F51307 /* Frameworks */ = {
			isa = PBXFrameworksBuildPhase;
			buildActionMask = 2147483647;
			files = (
				4586571524623CF400F51307 /* CloudKit.framework in Frameworks */,
			);
			runOnlyForDeploymentPostprocessing = 0;
		};
/* End PBXFrameworksBuildPhase section */

/* Begin PBXGroup section */
		07BFD488246EC7FE00334158 /* Cloud */ = {
			isa = PBXGroup;
			children = (
				4586571624623E4000F51307 /* Cloud+Fetch.swift */,
				07DB64E6246406D900B5194E /* Cloud+Sync.swift */,
				07BFD489246EC80700334158 /* Cloud+Save.swift */,
			);
			path = Cloud;
			sourceTree = "<group>";
		};
		458656C22460EA8700F51307 = {
			isa = PBXGroup;
			children = (
				458656CD2460EA8700F51307 /* Posts */,
				458656CC2460EA8700F51307 /* Products */,
				4586571324623CF400F51307 /* Frameworks */,
			);
			sourceTree = "<group>";
		};
		458656CC2460EA8700F51307 /* Products */ = {
			isa = PBXGroup;
			children = (
				458656CB2460EA8700F51307 /* Posts.app */,
			);
			name = Products;
			sourceTree = "<group>";
		};
		458656CD2460EA8700F51307 /* Posts */ = {
			isa = PBXGroup;
			children = (
				45865712246236DF00F51307 /* Posts.entitlements */,
				458656CE2460EA8700F51307 /* AppDelegate.swift */,
				458656D02460EA8700F51307 /* SceneDelegate.swift */,
				45EB60F02462A8E500FE65B4 /* CKContainer+Extensions.swift */,
				458656D72460EA8A00F51307 /* Assets.xcassets */,
				458656DC2460EA8A00F51307 /* LaunchScreen.storyboard */,
				458656DF2460EA8A00F51307 /* Info.plist */,
				458656D22460EA8700F51307 /* Posts.xcdatamodeld */,
				07BFD488246EC7FE00334158 /* Cloud */,
				458656F9246179CC00F51307 /* Controllers */,
				458656FA246179DB00F51307 /* Cells */,
				458656FB24617A0200F51307 /* Helpers */,
				4586570724621A9500F51307 /* Extensions */,
			);
			path = Posts;
			sourceTree = "<group>";
		};
		458656F9246179CC00F51307 /* Controllers */ = {
			isa = PBXGroup;
			children = (
				458656F52461651500F51307 /* FavoritesController.swift */,
				458656F724616BF900F51307 /* WebController.swift */,
				458656E52460EBC500F51307 /* HomeViewController.swift */,
				0736712B246D9878003B9290 /* CategoryDetailViewController.swift */,
				458656F3246163B000F51307 /* TabController.swift */,
			);
			path = Controllers;
			sourceTree = "<group>";
		};
		458656FA246179DB00F51307 /* Cells */ = {
			isa = PBXGroup;
			children = (
				458656F12461063600F51307 /* CategoryHeaderCell.swift */,
				458656EB2460F77000F51307 /* PostCell.swift */,
			);
			path = Cells;
			sourceTree = "<group>";
		};
		458656FB24617A0200F51307 /* Helpers */ = {
			isa = PBXGroup;
			children = (
				458656E72460ECCA00F51307 /* CoreDataStack.swift */,
				07367129246D8BEA003B9290 /* CollectionLayout.swift */,
				0736712D246EAAAC003B9290 /* CloudError.swift */,
			);
			path = Helpers;
			sourceTree = "<group>";
		};
		4586570724621A9500F51307 /* Extensions */ = {
			isa = PBXGroup;
			children = (
				4586570324621A7F00F51307 /* Category+Extensions.swift */,
				4586570524621A8F00F51307 /* Article+Extension.swift */,
				458656ED2461007E00F51307 /* UICollectionView+Extensions.swift */,
				458657002462111200F51307 /* CKRecord+Extensions.swift */,
				45EB60F42462AB2E00FE65B4 /* UIViewController+Extensions.swift */,
				07DB64E42464069A00B5194E /* UserDefaults+Extensions.swift */,
			);
			path = Extensions;
			sourceTree = "<group>";
		};
		4586571324623CF400F51307 /* Frameworks */ = {
			isa = PBXGroup;
			children = (
				4586571424623CF400F51307 /* CloudKit.framework */,
			);
			name = Frameworks;
			sourceTree = "<group>";
		};
/* End PBXGroup section */

/* Begin PBXNativeTarget section */
		458656CA2460EA8700F51307 /* Posts */ = {
			isa = PBXNativeTarget;
			buildConfigurationList = 458656E22460EA8A00F51307 /* Build configuration list for PBXNativeTarget "Posts" */;
			buildPhases = (
				458656C72460EA8700F51307 /* Sources */,
				458656C82460EA8700F51307 /* Frameworks */,
				458656C92460EA8700F51307 /* Resources */,
			);
			buildRules = (
			);
			dependencies = (
			);
			name = Posts;
			productName = News;
			productReference = 458656CB2460EA8700F51307 /* Posts.app */;
			productType = "com.apple.product-type.application";
		};
/* End PBXNativeTarget section */

/* Begin PBXProject section */
		458656C32460EA8700F51307 /* Project object */ = {
			isa = PBXProject;
			attributes = {
				LastSwiftUpdateCheck = 1140;
				LastUpgradeCheck = 1140;
				ORGANIZATIONNAME = Mustafa;
				TargetAttributes = {
					458656CA2460EA8700F51307 = {
						CreatedOnToolsVersion = 11.4.1;
					};
				};
			};
			buildConfigurationList = 458656C62460EA8700F51307 /* Build configuration list for PBXProject "Posts" */;
			compatibilityVersion = "Xcode 9.3";
			developmentRegion = en;
			hasScannedForEncodings = 0;
			knownRegions = (
				en,
				Base,
			);
			mainGroup = 458656C22460EA8700F51307;
			productRefGroup = 458656CC2460EA8700F51307 /* Products */;
			projectDirPath = "";
			projectRoot = "";
			targets = (
				458656CA2460EA8700F51307 /* Posts */,
			);
		};
/* End PBXProject section */

/* Begin PBXResourcesBuildPhase section */
		458656C92460EA8700F51307 /* Resources */ = {
			isa = PBXResourcesBuildPhase;
			buildActionMask = 2147483647;
			files = (
				458656DE2460EA8A00F51307 /* LaunchScreen.storyboard in Resources */,
				458656D82460EA8A00F51307 /* Assets.xcassets in Resources */,
			);
			runOnlyForDeploymentPostprocessing = 0;
		};
/* End PBXResourcesBuildPhase section */

/* Begin PBXSourcesBuildPhase section */
		458656C72460EA8700F51307 /* Sources */ = {
			isa = PBXSourcesBuildPhase;
			buildActionMask = 2147483647;
			files = (
				4586570424621A7F00F51307 /* Category+Extensions.swift in Sources */,
				458656EC2460F77000F51307 /* PostCell.swift in Sources */,
				458656F22461063600F51307 /* CategoryHeaderCell.swift in Sources */,
				07DB64E52464069A00B5194E /* UserDefaults+Extensions.swift in Sources */,
				0736712E246EAAAC003B9290 /* CloudError.swift in Sources */,
				0736712A246D8BEA003B9290 /* CollectionLayout.swift in Sources */,
				45EB60F52462AB2E00FE65B4 /* UIViewController+Extensions.swift in Sources */,
				4586571724623E4000F51307 /* Cloud+Fetch.swift in Sources */,
				458656E62460EBC500F51307 /* HomeViewController.swift in Sources */,
				458657012462111200F51307 /* CKRecord+Extensions.swift in Sources */,
				0736712C246D9878003B9290 /* CategoryDetailViewController.swift in Sources */,
				458656CF2460EA8700F51307 /* AppDelegate.swift in Sources */,
				458656D42460EA8700F51307 /* Posts.xcdatamodeld in Sources */,
				458656F4246163B000F51307 /* TabController.swift in Sources */,
				458656EE2461007E00F51307 /* UICollectionView+Extensions.swift in Sources */,
				458656E82460ECCA00F51307 /* CoreDataStack.swift in Sources */,
				07DB64E7246406D900B5194E /* Cloud+Sync.swift in Sources */,
				45EB60F12462A8E500FE65B4 /* CKContainer+Extensions.swift in Sources */,
				458656F824616BF900F51307 /* WebController.swift in Sources */,
				07BFD48A246EC80700334158 /* Cloud+Save.swift in Sources */,
				458656D12460EA8700F51307 /* SceneDelegate.swift in Sources */,
				458656F62461651500F51307 /* FavoritesController.swift in Sources */,
				4586570624621A9000F51307 /* Article+Extension.swift in Sources */,
			);
			runOnlyForDeploymentPostprocessing = 0;
		};
/* End PBXSourcesBuildPhase section */

/* Begin PBXVariantGroup section */
		458656DC2460EA8A00F51307 /* LaunchScreen.storyboard */ = {
			isa = PBXVariantGroup;
			children = (
				458656DD2460EA8A00F51307 /* Base */,
			);
			name = LaunchScreen.storyboard;
			sourceTree = "<group>";
		};
/* End PBXVariantGroup section */

/* Begin XCBuildConfiguration section */
		458656E02460EA8A00F51307 /* Debug */ = {
			isa = XCBuildConfiguration;
			buildSettings = {
				ALWAYS_SEARCH_USER_PATHS = NO;
				CLANG_ANALYZER_NONNULL = YES;
				CLANG_ANALYZER_NUMBER_OBJECT_CONVERSION = YES_AGGRESSIVE;
				CLANG_CXX_LANGUAGE_STANDARD = "gnu++14";
				CLANG_CXX_LIBRARY = "libc++";
				CLANG_ENABLE_MODULES = YES;
				CLANG_ENABLE_OBJC_ARC = YES;
				CLANG_ENABLE_OBJC_WEAK = YES;
				CLANG_WARN_BLOCK_CAPTURE_AUTORELEASING = YES;
				CLANG_WARN_BOOL_CONVERSION = YES;
				CLANG_WARN_COMMA = YES;
				CLANG_WARN_CONSTANT_CONVERSION = YES;
				CLANG_WARN_DEPRECATED_OBJC_IMPLEMENTATIONS = YES;
				CLANG_WARN_DIRECT_OBJC_ISA_USAGE = YES_ERROR;
				CLANG_WARN_DOCUMENTATION_COMMENTS = YES;
				CLANG_WARN_EMPTY_BODY = YES;
				CLANG_WARN_ENUM_CONVERSION = YES;
				CLANG_WARN_INFINITE_RECURSION = YES;
				CLANG_WARN_INT_CONVERSION = YES;
				CLANG_WARN_NON_LITERAL_NULL_CONVERSION = YES;
				CLANG_WARN_OBJC_IMPLICIT_RETAIN_SELF = YES;
				CLANG_WARN_OBJC_LITERAL_CONVERSION = YES;
				CLANG_WARN_OBJC_ROOT_CLASS = YES_ERROR;
				CLANG_WARN_RANGE_LOOP_ANALYSIS = YES;
				CLANG_WARN_STRICT_PROTOTYPES = YES;
				CLANG_WARN_SUSPICIOUS_MOVE = YES;
				CLANG_WARN_UNGUARDED_AVAILABILITY = YES_AGGRESSIVE;
				CLANG_WARN_UNREACHABLE_CODE = YES;
				CLANG_WARN__DUPLICATE_METHOD_MATCH = YES;
				COPY_PHASE_STRIP = NO;
				DEBUG_INFORMATION_FORMAT = dwarf;
				ENABLE_STRICT_OBJC_MSGSEND = YES;
				ENABLE_TESTABILITY = YES;
				GCC_C_LANGUAGE_STANDARD = gnu11;
				GCC_DYNAMIC_NO_PIC = NO;
				GCC_NO_COMMON_BLOCKS = YES;
				GCC_OPTIMIZATION_LEVEL = 0;
				GCC_PREPROCESSOR_DEFINITIONS = (
					"DEBUG=1",
					"$(inherited)",
				);
				GCC_WARN_64_TO_32_BIT_CONVERSION = YES;
				GCC_WARN_ABOUT_RETURN_TYPE = YES_ERROR;
				GCC_WARN_UNDECLARED_SELECTOR = YES;
				GCC_WARN_UNINITIALIZED_AUTOS = YES_AGGRESSIVE;
				GCC_WARN_UNUSED_FUNCTION = YES;
				GCC_WARN_UNUSED_VARIABLE = YES;
				IPHONEOS_DEPLOYMENT_TARGET = 13.4;
				MTL_ENABLE_DEBUG_INFO = INCLUDE_SOURCE;
				MTL_FAST_MATH = YES;
				ONLY_ACTIVE_ARCH = YES;
				SDKROOT = iphoneos;
				SWIFT_ACTIVE_COMPILATION_CONDITIONS = DEBUG;
				SWIFT_OPTIMIZATION_LEVEL = "-Onone";
			};
			name = Debug;
		};
		458656E12460EA8A00F51307 /* Release */ = {
			isa = XCBuildConfiguration;
			buildSettings = {
				ALWAYS_SEARCH_USER_PATHS = NO;
				CLANG_ANALYZER_NONNULL = YES;
				CLANG_ANALYZER_NUMBER_OBJECT_CONVERSION = YES_AGGRESSIVE;
				CLANG_CXX_LANGUAGE_STANDARD = "gnu++14";
				CLANG_CXX_LIBRARY = "libc++";
				CLANG_ENABLE_MODULES = YES;
				CLANG_ENABLE_OBJC_ARC = YES;
				CLANG_ENABLE_OBJC_WEAK = YES;
				CLANG_WARN_BLOCK_CAPTURE_AUTORELEASING = YES;
				CLANG_WARN_BOOL_CONVERSION = YES;
				CLANG_WARN_COMMA = YES;
				CLANG_WARN_CONSTANT_CONVERSION = YES;
				CLANG_WARN_DEPRECATED_OBJC_IMPLEMENTATIONS = YES;
				CLANG_WARN_DIRECT_OBJC_ISA_USAGE = YES_ERROR;
				CLANG_WARN_DOCUMENTATION_COMMENTS = YES;
				CLANG_WARN_EMPTY_BODY = YES;
				CLANG_WARN_ENUM_CONVERSION = YES;
				CLANG_WARN_INFINITE_RECURSION = YES;
				CLANG_WARN_INT_CONVERSION = YES;
				CLANG_WARN_NON_LITERAL_NULL_CONVERSION = YES;
				CLANG_WARN_OBJC_IMPLICIT_RETAIN_SELF = YES;
				CLANG_WARN_OBJC_LITERAL_CONVERSION = YES;
				CLANG_WARN_OBJC_ROOT_CLASS = YES_ERROR;
				CLANG_WARN_RANGE_LOOP_ANALYSIS = YES;
				CLANG_WARN_STRICT_PROTOTYPES = YES;
				CLANG_WARN_SUSPICIOUS_MOVE = YES;
				CLANG_WARN_UNGUARDED_AVAILABILITY = YES_AGGRESSIVE;
				CLANG_WARN_UNREACHABLE_CODE = YES;
				CLANG_WARN__DUPLICATE_METHOD_MATCH = YES;
				COPY_PHASE_STRIP = NO;
				DEBUG_INFORMATION_FORMAT = "dwarf-with-dsym";
				ENABLE_NS_ASSERTIONS = NO;
				ENABLE_STRICT_OBJC_MSGSEND = YES;
				GCC_C_LANGUAGE_STANDARD = gnu11;
				GCC_NO_COMMON_BLOCKS = YES;
				GCC_WARN_64_TO_32_BIT_CONVERSION = YES;
				GCC_WARN_ABOUT_RETURN_TYPE = YES_ERROR;
				GCC_WARN_UNDECLARED_SELECTOR = YES;
				GCC_WARN_UNINITIALIZED_AUTOS = YES_AGGRESSIVE;
				GCC_WARN_UNUSED_FUNCTION = YES;
				GCC_WARN_UNUSED_VARIABLE = YES;
				IPHONEOS_DEPLOYMENT_TARGET = 13.4;
				MTL_ENABLE_DEBUG_INFO = NO;
				MTL_FAST_MATH = YES;
				SDKROOT = iphoneos;
				SWIFT_COMPILATION_MODE = wholemodule;
				SWIFT_OPTIMIZATION_LEVEL = "-O";
				VALIDATE_PRODUCT = YES;
			};
			name = Release;
		};
		458656E32460EA8A00F51307 /* Debug */ = {
			isa = XCBuildConfiguration;
			buildSettings = {
				CODE_SIGN_ENTITLEMENTS = Posts/Posts.entitlements;
				"CODE_SIGN_IDENTITY[sdk=macosx*]" = "Apple Development";
				CODE_SIGN_STYLE = Automatic;
				DEVELOPMENT_TEAM = 9NY68F4K3P;
				"ENABLE_HARDENED_RUNTIME[sdk=macosx*]" = NO;
				ENABLE_PREVIEWS = YES;
				INFOPLIST_FILE = Posts/Info.plist;
				IPHONEOS_DEPLOYMENT_TARGET = 13.0;
				LD_RUNPATH_SEARCH_PATHS = (
					"$(inherited)",
					"@executable_path/Frameworks",
				);
				PRODUCT_BUNDLE_IDENTIFIER = SamuelFolledo.PostsAdmin;
				PRODUCT_NAME = "$(TARGET_NAME)";
				SUPPORTS_MACCATALYST = YES;
				SWIFT_VERSION = 5.0;
				TARGETED_DEVICE_FAMILY = "1,2";
			};
			name = Debug;
		};
		458656E42460EA8A00F51307 /* Release */ = {
			isa = XCBuildConfiguration;
			buildSettings = {
				CODE_SIGN_ENTITLEMENTS = Posts/Posts.entitlements;
				"CODE_SIGN_IDENTITY[sdk=macosx*]" = "Apple Development";
				CODE_SIGN_STYLE = Automatic;
				DEVELOPMENT_TEAM = 9NY68F4K3P;
				"ENABLE_HARDENED_RUNTIME[sdk=macosx*]" = NO;
				ENABLE_PREVIEWS = YES;
				INFOPLIST_FILE = Posts/Info.plist;
				IPHONEOS_DEPLOYMENT_TARGET = 13.0;
				LD_RUNPATH_SEARCH_PATHS = (
					"$(inherited)",
					"@executable_path/Frameworks",
				);
				PRODUCT_BUNDLE_IDENTIFIER = SamuelFolledo.PostsAdmin;
				PRODUCT_NAME = "$(TARGET_NAME)";
				SUPPORTS_MACCATALYST = YES;
				SWIFT_VERSION = 5.0;
				TARGETED_DEVICE_FAMILY = "1,2";
			};
			name = Release;
		};
/* End XCBuildConfiguration section */

/* Begin XCConfigurationList section */
		458656C62460EA8700F51307 /* Build configuration list for PBXProject "Posts" */ = {
			isa = XCConfigurationList;
			buildConfigurations = (
				458656E02460EA8A00F51307 /* Debug */,
				458656E12460EA8A00F51307 /* Release */,
			);
			defaultConfigurationIsVisible = 0;
			defaultConfigurationName = Release;
		};
		458656E22460EA8A00F51307 /* Build configuration list for PBXNativeTarget "Posts" */ = {
			isa = XCConfigurationList;
			buildConfigurations = (
				458656E32460EA8A00F51307 /* Debug */,
				458656E42460EA8A00F51307 /* Release */,
			);
			defaultConfigurationIsVisible = 0;
			defaultConfigurationName = Release;
		};
/* End XCConfigurationList section */

/* Begin XCVersionGroup section */
		458656D22460EA8700F51307 /* Posts.xcdatamodeld */ = {
			isa = XCVersionGroup;
			children = (
				458656D32460EA8700F51307 /* News.xcdatamodel */,
			);
			currentVersion = 458656D32460EA8700F51307 /* News.xcdatamodel */;
			path = Posts.xcdatamodeld;
			sourceTree = "<group>";
			versionGroupType = wrapper.xcdatamodel;
		};
/* End XCVersionGroup section */
	};
	rootObject = 458656C32460EA8700F51307 /* Project object */;
}
